
Microsoft Visual Studio Solution File, Format Version 12.00
# Visual Studio Version 16
VisualStudioVersion = 16.0.31112.23
MinimumVisualStudioVersion = 10.0.40219.1
Project("{2150E333-8FDC-42A3-9474-1A3956D46DE8}") = "Src", "Src", "{E0372270-35AE-4F32-9953-8808FAF7E299}"
EndProject
Project("{2150E333-8FDC-42A3-9474-1A3956D46DE8}") = "Presentation Layer", "Presentation Layer", "{843A3529-B95F-44E8-B0B3-CAC6C62A08B2}"
EndProject
Project("{2150E333-8FDC-42A3-9474-1A3956D46DE8}") = "Business Layer", "Business Layer", "{6FE37BCB-BA11-467C-A246-CE0B7213DBBD}"
EndProject
Project("{9A19103F-16F7-4668-BE54-9A1E7A4F7556}") = "eShop.Application.Core", "Src\Business Layer\eShop.Application.Core\eShop.Application.Core.csproj", "{4DAD6922-A352-4982-8986-48298968EFE9}"
EndProject
Project("{9A19103F-16F7-4668-BE54-9A1E7A4F7556}") = "eShop.UseCases", "Src\Business Layer\eShop.UseCases\eShop.UseCases.csproj", "{B3DFF547-6B6B-47DC-BFC5-A571B5E03EC5}"
EndProject
Project("{2150E333-8FDC-42A3-9474-1A3956D46DE8}") = "Data Layer", "Data Layer", "{7C65C827-FB90-4AAC-B3F7-7E58E3CCADD0}"
EndProject
Project("{9A19103F-16F7-4668-BE54-9A1E7A4F7556}") = "eShop.DataStore", "Src\Data Layer\eShop.DataStore\eShop.DataStore.csproj", "{DBCBA5A0-9779-4537-8D39-0F2438CC6019}"
EndProject
Project("{2150E333-8FDC-42A3-9474-1A3956D46DE8}") = "eShop.Web.Module", "eShop.Web.Module", "{A34BD95C-024D-43E9-A212-3CDF63EF63F3}"
EndProject
Project("{9A19103F-16F7-4668-BE54-9A1E7A4F7556}") = "eShop.Web.Common", "Src\eShop.Web.Module\eShop.Web.Common\eShop.Web.Common.csproj", "{8F748D5B-72F6-4ED0-AAD9-294AD8E6FF8C}"
EndProject
Project("{9A19103F-16F7-4668-BE54-9A1E7A4F7556}") = "eShop.Web.AdminPortal", "Src\eShop.Web.Module\eShop.Web.AdminPortal\eShop.Web.AdminPortal.csproj", "{08BEC618-98D1-4920-90B4-4869CA20D000}"
EndProject
Project("{9A19103F-16F7-4668-BE54-9A1E7A4F7556}") = "eShop.Web.CustomerPortal", "Src\eShop.Web.Module\eShop.Web.CustomerPortal\eShop.Web.CustomerPortal.csproj", "{04B17F0B-A253-47AF-9033-91E6C62F1168}"
EndProject
Project("{9A19103F-16F7-4668-BE54-9A1E7A4F7556}") = "eShop.Web", "Src\Presentation Layer\eShop.Web\eShop.Web.csproj", "{790F835F-D964-4DBA-8927-AA25039F0BD0}"
EndProject
Project("{9A19103F-16F7-4668-BE54-9A1E7A4F7556}") = "eShop.ShoppingCart.LocalStorage", "Src\Business layer\LocalStorage\eShop.ShoppingCart.LocalStorage\eShop.ShoppingCart.LocalStorage.csproj", "{82F2B035-434F-4C0F-9457-A835C9596B69}"
EndProject
Project("{FAE04EC0-301F-11D3-BF4B-00C04F79EFBC}") = "eShop.StateStore", "Src\Business Layer\eShop.StateStore\eShop.StateStore.csproj", "{7CF47E87-3534-46B0-A720-EDDF93D812C8}"
EndProject
Global
	GlobalSection(SolutionConfigurationPlatforms) = preSolution
		Debug|Any CPU = Debug|Any CPU
		Release|Any CPU = Release|Any CPU
	EndGlobalSection
	GlobalSection(ProjectConfigurationPlatforms) = postSolution
		{4DAD6922-A352-4982-8986-48298968EFE9}.Debug|Any CPU.ActiveCfg = Debug|Any CPU
		{4DAD6922-A352-4982-8986-48298968EFE9}.Debug|Any CPU.Build.0 = Debug|Any CPU
		{4DAD6922-A352-4982-8986-48298968EFE9}.Release|Any CPU.ActiveCfg = Release|Any CPU
		{4DAD6922-A352-4982-8986-48298968EFE9}.Release|Any CPU.Build.0 = Release|Any CPU
		{B3DFF547-6B6B-47DC-BFC5-A571B5E03EC5}.Debug|Any CPU.ActiveCfg = Debug|Any CPU
		{B3DFF547-6B6B-47DC-BFC5-A571B5E03EC5}.Debug|Any CPU.Build.0 = Debug|Any CPU
		{B3DFF547-6B6B-47DC-BFC5-A571B5E03EC5}.Release|Any CPU.ActiveCfg = Release|Any CPU
		{B3DFF547-6B6B-47DC-BFC5-A571B5E03EC5}.Release|Any CPU.Build.0 = Release|Any CPU
		{DBCBA5A0-9779-4537-8D39-0F2438CC6019}.Debug|Any CPU.ActiveCfg = Debug|Any CPU
		{DBCBA5A0-9779-4537-8D39-0F2438CC6019}.Debug|Any CPU.Build.0 = Debug|Any CPU
		{DBCBA5A0-9779-4537-8D39-0F2438CC6019}.Release|Any CPU.ActiveCfg = Release|Any CPU
		{DBCBA5A0-9779-4537-8D39-0F2438CC6019}.Release|Any CPU.Build.0 = Release|Any CPU
		{8F748D5B-72F6-4ED0-AAD9-294AD8E6FF8C}.Debug|Any CPU.ActiveCfg = Debug|Any CPU
		{8F748D5B-72F6-4ED0-AAD9-294AD8E6FF8C}.Debug|Any CPU.Build.0 = Debug|Any CPU
		{8F748D5B-72F6-4ED0-AAD9-294AD8E6FF8C}.Release|Any CPU.ActiveCfg = Release|Any CPU
		{8F748D5B-72F6-4ED0-AAD9-294AD8E6FF8C}.Release|Any CPU.Build.0 = Release|Any CPU
		{08BEC618-98D1-4920-90B4-4869CA20D000}.Debug|Any CPU.ActiveCfg = Debug|Any CPU
		{08BEC618-98D1-4920-90B4-4869CA20D000}.Debug|Any CPU.Build.0 = Debug|Any CPU
		{08BEC618-98D1-4920-90B4-4869CA20D000}.Release|Any CPU.ActiveCfg = Release|Any CPU
		{08BEC618-98D1-4920-90B4-4869CA20D000}.Release|Any CPU.Build.0 = Release|Any CPU
		{04B17F0B-A253-47AF-9033-91E6C62F1168}.Debug|Any CPU.ActiveCfg = Debug|Any CPU
		{04B17F0B-A253-47AF-9033-91E6C62F1168}.Debug|Any CPU.Build.0 = Debug|Any CPU
		{04B17F0B-A253-47AF-9033-91E6C62F1168}.Release|Any CPU.ActiveCfg = Release|Any CPU
		{04B17F0B-A253-47AF-9033-91E6C62F1168}.Release|Any CPU.Build.0 = Release|Any CPU
		{790F835F-D964-4DBA-8927-AA25039F0BD0}.Debug|Any CPU.ActiveCfg = Debug|Any CPU
		{790F835F-D964-4DBA-8927-AA25039F0BD0}.Debug|Any CPU.Build.0 = Debug|Any CPU
		{790F835F-D964-4DBA-8927-AA25039F0BD0}.Release|Any CPU.ActiveCfg = Release|Any CPU
		{790F835F-D964-4DBA-8927-AA25039F0BD0}.Release|Any CPU.Build.0 = Release|Any CPU
		{82F2B035-434F-4C0F-9457-A835C9596B69}.Debug|Any CPU.ActiveCfg = Debug|Any CPU
		{82F2B035-434F-4C0F-9457-A835C9596B69}.Debug|Any CPU.Build.0 = Debug|Any CPU
		{82F2B035-434F-4C0F-9457-A835C9596B69}.Release|Any CPU.ActiveCfg = Release|Any CPU
		{82F2B035-434F-4C0F-9457-A835C9596B69}.Release|Any CPU.Build.0 = Release|Any CPU
		{7CF47E87-3534-46B0-A720-EDDF93D812C8}.Debug|Any CPU.ActiveCfg = Debug|Any CPU
		{7CF47E87-3534-46B0-A720-EDDF93D812C8}.Debug|Any CPU.Build.0 = Debug|Any CPU
		{7CF47E87-3534-46B0-A720-EDDF93D812C8}.Release|Any CPU.ActiveCfg = Release|Any CPU
		{7CF47E87-3534-46B0-A720-EDDF93D812C8}.Release|Any CPU.Build.0 = Release|Any CPU
	EndGlobalSection
	GlobalSection(SolutionProperties) = preSolution
		HideSolutionNode = FALSE
	EndGlobalSection
	GlobalSection(NestedProjects) = preSolution
		{843A3529-B95F-44E8-B0B3-CAC6C62A08B2} = {E0372270-35AE-4F32-9953-8808FAF7E299}
		{6FE37BCB-BA11-467C-A246-CE0B7213DBBD} = {E0372270-35AE-4F32-9953-8808FAF7E299}
		{4DAD6922-A352-4982-8986-48298968EFE9} = {6FE37BCB-BA11-467C-A246-CE0B7213DBBD}
		{B3DFF547-6B6B-47DC-BFC5-A571B5E03EC5} = {6FE37BCB-BA11-467C-A246-CE0B7213DBBD}
		{7C65C827-FB90-4AAC-B3F7-7E58E3CCADD0} = {E0372270-35AE-4F32-9953-8808FAF7E299}
		{DBCBA5A0-9779-4537-8D39-0F2438CC6019} = {7C65C827-FB90-4AAC-B3F7-7E58E3CCADD0}
		{A34BD95C-024D-43E9-A212-3CDF63EF63F3} = {E0372270-35AE-4F32-9953-8808FAF7E299}
		{8F748D5B-72F6-4ED0-AAD9-294AD8E6FF8C} = {A34BD95C-024D-43E9-A212-3CDF63EF63F3}
		{08BEC618-98D1-4920-90B4-4869CA20D000} = {A34BD95C-024D-43E9-A212-3CDF63EF63F3}
		{04B17F0B-A253-47AF-9033-91E6C62F1168} = {A34BD95C-024D-43E9-A212-3CDF63EF63F3}
		{790F835F-D964-4DBA-8927-AA25039F0BD0} = {843A3529-B95F-44E8-B0B3-CAC6C62A08B2}
		{82F2B035-434F-4C0F-9457-A835C9596B69} = {6FE37BCB-BA11-467C-A246-CE0B7213DBBD}
		{7CF47E87-3534-46B0-A720-EDDF93D812C8} = {6FE37BCB-BA11-467C-A246-CE0B7213DBBD}
	EndGlobalSection
	GlobalSection(ExtensibilityGlobals) = postSolution
		SolutionGuid = {871DDD89-F996-4DD7-8DFB-5E59302C1BED}
	EndGlobalSection
EndGlobal
